
Microsoft Visual Studio Solution File, Format Version 12.00
# Visual Studio 15
VisualStudioVersion = 15.0.27428.2002
MinimumVisualStudioVersion = 10.0.40219.1
Project("{FAE04EC0-301F-11D3-BF4B-00C04F79EFBC}") = "CadastroSenhas", "GuardaSenhas\CadastroSenhas.csproj", "{531BD762-070F-4937-A351-C24D8738052C}"
EndProject
Global
	GlobalSection(SolutionConfigurationPlatforms) = preSolution
		Debug|Any CPU = Debug|Any CPU
		Release|Any CPU = Release|Any CPU
	EndGlobalSection
	GlobalSection(ProjectConfigurationPlatforms) = postSolution
		{531BD762-070F-4937-A351-C24D8738052C}.Debug|Any CPU.ActiveCfg = Debug|Any CPU
		{531BD762-070F-4937-A351-C24D8738052C}.Debug|Any CPU.Build.0 = Debug|Any CPU
		{531BD762-070F-4937-A351-C24D8738052C}.Release|Any CPU.ActiveCfg = Release|Any CPU
		{531BD762-070F-4937-A351-C24D8738052C}.Release|Any CPU.Build.0 = Release|Any CPU
	EndGlobalSection
	GlobalSection(SolutionProperties) = preSolution
		HideSolutionNode = FALSE
	EndGlobalSection
	GlobalSection(ExtensibilityGlobals) = postSolution
		SolutionGuid = {20C320A5-5CB3-4138-87A0-78D6AF4D2C71}
	EndGlobalSection
EndGlobal
